
Microsoft Visual Studio Solution File, Format Version 10.00
# Visual Studio 2008
Project("{FAE04EC0-301F-11D3-BF4B-00C04F79EFBC}") = "CamadaRede", "CamadaRede\CamadaRede.csproj", "{5A27FC59-869F-42FF-91DE-5167B7EB441E}"
EndProject
Project("{FAE04EC0-301F-11D3-BF4B-00C04F79EFBC}") = "CamadaTransporte", "CamadaTransporte\CamadaTransporte.csproj", "{71246078-BC45-4D2A-8E54-33A68D9B396E}"
EndProject
Project("{FAE04EC0-301F-11D3-BF4B-00C04F79EFBC}") = "CamadaGui", "CamadaGui1\CamadaGui.csproj", "{94B9034F-12D3-4036-B300-111CB2159FBB}"
EndProject
Global
	GlobalSection(SolutionConfigurationPlatforms) = preSolution
		Debug|Any CPU = Debug|Any CPU
		Release|Any CPU = Release|Any CPU
	EndGlobalSection
	GlobalSection(ProjectConfigurationPlatforms) = postSolution
		{5A27FC59-869F-42FF-91DE-5167B7EB441E}.Debug|Any CPU.ActiveCfg = Debug|Any CPU
		{5A27FC59-869F-42FF-91DE-5167B7EB441E}.Debug|Any CPU.Build.0 = Debug|Any CPU
		{5A27FC59-869F-42FF-91DE-5167B7EB441E}.Release|Any CPU.ActiveCfg = Release|Any CPU
		{5A27FC59-869F-42FF-91DE-5167B7EB441E}.Release|Any CPU.Build.0 = Release|Any CPU
		{71246078-BC45-4D2A-8E54-33A68D9B396E}.Debug|Any CPU.ActiveCfg = Debug|Any CPU
		{71246078-BC45-4D2A-8E54-33A68D9B396E}.Debug|Any CPU.Build.0 = Debug|Any CPU
		{71246078-BC45-4D2A-8E54-33A68D9B396E}.Release|Any CPU.ActiveCfg = Release|Any CPU
		{71246078-BC45-4D2A-8E54-33A68D9B396E}.Release|Any CPU.Build.0 = Release|Any CPU
		{94B9034F-12D3-4036-B300-111CB2159FBB}.Debug|Any CPU.ActiveCfg = Debug|Any CPU
		{94B9034F-12D3-4036-B300-111CB2159FBB}.Debug|Any CPU.Build.0 = Debug|Any CPU
		{94B9034F-12D3-4036-B300-111CB2159FBB}.Release|Any CPU.ActiveCfg = Release|Any CPU
		{94B9034F-12D3-4036-B300-111CB2159FBB}.Release|Any CPU.Build.0 = Release|Any CPU
	EndGlobalSection
	GlobalSection(SolutionProperties) = preSolution
		HideSolutionNode = FALSE
	EndGlobalSection
EndGlobal
